{
  "originHash" : "e5ec34fd95d8dfb374bfafd92fef821367c98f8167ee6674505bf4a345530c6c",
  "pins" : [
    {
      "identity" : "alamofire",
      "kind" : "remoteSourceControl",
      "location" : "https://github.com/Alamofire/Alamofire.git",
      "state" : {
        "revision" : "513364f870f6bfc468f9d2ff0a95caccc10044c5",
        "version" : "5.10.2"
      }
    },
    {
      "identity" : "jwtdecode.swift",
      "kind" : "remoteSourceControl",
      "location" : "https://github.com/auth0/JWTDecode.swift",
      "state" : {
        "revision" : "36a5ce735a61c4bc119593f43ce2c027b4ca7392",
        "version" : "3.3.0"
      }
    }
  ],
  "version" : 3
}
